
Microsoft Visual Studio Solution File, Format Version 12.00
# Visual Studio Version 16
VisualStudioVersion = 16.0.29006.145
MinimumVisualStudioVersion = 10.0.40219.1
Project("{2150E333-8FDC-42A3-9474-1A3956D46DE8}") = "Configuration", "Configuration", "{F54B0A6E-0262-4172-A980-0BB3E2F4E683}"
	ProjectSection(SolutionItems) = preProject
		..\.editorconfig = ..\.editorconfig
		..\.gitignore = ..\.gitignore
	EndProjectSection
EndProject
Project("{2150E333-8FDC-42A3-9474-1A3956D46DE8}") = "Documentation", "Documentation", "{31B49082-7880-4500-A660-26ABFF91CD04}"
	ProjectSection(SolutionItems) = preProject
		..\README.md = ..\README.md
	EndProjectSection
EndProject
Project("{9A19103F-16F7-4668-BE54-9A1E7A4F7556}") = "ServerTracker.Data", "ServerTracker.Data\ServerTracker.Data.csproj", "{4EE17E5E-F543-4231-B0E8-D08608DDE57F}"
EndProject
Project("{9A19103F-16F7-4668-BE54-9A1E7A4F7556}") = "ServerTracker", "ServerTracker\ServerTracker.csproj", "{502E09E8-7E24-40A5-BA4B-26379795973A}"
EndProject
Global
	GlobalSection(SolutionConfigurationPlatforms) = preSolution
		Debug|Any CPU = Debug|Any CPU
		Release|Any CPU = Release|Any CPU
	EndGlobalSection
	GlobalSection(ProjectConfigurationPlatforms) = postSolution
		{4EE17E5E-F543-4231-B0E8-D08608DDE57F}.Debug|Any CPU.ActiveCfg = Debug|Any CPU
		{4EE17E5E-F543-4231-B0E8-D08608DDE57F}.Debug|Any CPU.Build.0 = Debug|Any CPU
		{4EE17E5E-F543-4231-B0E8-D08608DDE57F}.Release|Any CPU.ActiveCfg = Release|Any CPU
		{4EE17E5E-F543-4231-B0E8-D08608DDE57F}.Release|Any CPU.Build.0 = Release|Any CPU
		{502E09E8-7E24-40A5-BA4B-26379795973A}.Debug|Any CPU.ActiveCfg = Debug|Any CPU
		{502E09E8-7E24-40A5-BA4B-26379795973A}.Debug|Any CPU.Build.0 = Debug|Any CPU
		{502E09E8-7E24-40A5-BA4B-26379795973A}.Release|Any CPU.ActiveCfg = Release|Any CPU
		{502E09E8-7E24-40A5-BA4B-26379795973A}.Release|Any CPU.Build.0 = Release|Any CPU
	EndGlobalSection
	GlobalSection(SolutionProperties) = preSolution
		HideSolutionNode = FALSE
	EndGlobalSection
	GlobalSection(ExtensibilityGlobals) = postSolution
		SolutionGuid = {EBDDB322-1F6D-4A71-A6FA-2CFCBEC86F6B}
	EndGlobalSection
EndGlobal
